// !$*UTF8*$!
{
	archiveVersion = 1;
	classes = {
	};
	objectVersion = 50;
	objects = {

/* Begin PBXBuildFile section */
		CBC4E0432340ECB20002B34B /* AppDelegate.swift in Sources */ = {isa = PBXBuildFile; fileRef = CBC4E0422340ECB20002B34B /* AppDelegate.swift */; };
		CBC4E0452340ECB20002B34B /* SceneDelegate.swift in Sources */ = {isa = PBXBuildFile; fileRef = CBC4E0442340ECB20002B34B /* SceneDelegate.swift */; };
		CBC4E0472340ECB20002B34B /* ContentView.swift in Sources */ = {isa = PBXBuildFile; fileRef = CBC4E0462340ECB20002B34B /* ContentView.swift */; };
		CBC4E0492340ECB50002B34B /* Assets.xcassets in Resources */ = {isa = PBXBuildFile; fileRef = CBC4E0482340ECB50002B34B /* Assets.xcassets */; };
		CBC4E04C2340ECB50002B34B /* Preview Assets.xcassets in Resources */ = {isa = PBXBuildFile; fileRef = CBC4E04B2340ECB50002B34B /* Preview Assets.xcassets */; };
		CBC4E04F2340ECB50002B34B /* LaunchScreen.storyboard in Resources */ = {isa = PBXBuildFile; fileRef = CBC4E04D2340ECB50002B34B /* LaunchScreen.storyboard */; };
		CBC4E05A2340ECB50002B34B /* theletterTests.swift in Sources */ = {isa = PBXBuildFile; fileRef = CBC4E0592340ECB50002B34B /* theletterTests.swift */; };
		CBC4E0652340ECB50002B34B /* theletterUITests.swift in Sources */ = {isa = PBXBuildFile; fileRef = CBC4E0642340ECB50002B34B /* theletterUITests.swift */; };
/* End PBXBuildFile section */

/* Begin PBXContainerItemProxy section */
		CBC4E0562340ECB50002B34B /* PBXContainerItemProxy */ = {
			isa = PBXContainerItemProxy;
			containerPortal = CBC4E0372340ECB20002B34B /* Project object */;
			proxyType = 1;
			remoteGlobalIDString = CBC4E03E2340ECB20002B34B;
			remoteInfo = theletter;
		};
		CBC4E0612340ECB50002B34B /* PBXContainerItemProxy */ = {
			isa = PBXContainerItemProxy;
			containerPortal = CBC4E0372340ECB20002B34B /* Project object */;
			proxyType = 1;
			remoteGlobalIDString = CBC4E03E2340ECB20002B34B;
			remoteInfo = theletter;
		};
/* End PBXContainerItemProxy section */

/* Begin PBXFileReference section */
		CBC4E03F2340ECB20002B34B /* theletter.app */ = {isa = PBXFileReference; explicitFileType = wrapper.application; includeInIndex = 0; path = theletter.app; sourceTree = BUILT_PRODUCTS_DIR; };
		CBC4E0422340ECB20002B34B /* AppDelegate.swift */ = {isa = PBXFileReference; lastKnownFileType = sourcecode.swift; path = AppDelegate.swift; sourceTree = "<group>"; };
		CBC4E0442340ECB20002B34B /* SceneDelegate.swift */ = {isa = PBXFileReference; lastKnownFileType = sourcecode.swift; path = SceneDelegate.swift; sourceTree = "<group>"; };
		CBC4E0462340ECB20002B34B /* ContentView.swift */ = {isa = PBXFileReference; lastKnownFileType = sourcecode.swift; path = ContentView.swift; sourceTree = "<group>"; };
		CBC4E0482340ECB50002B34B /* Assets.xcassets */ = {isa = PBXFileReference; lastKnownFileType = folder.assetcatalog; path = Assets.xcassets; sourceTree = "<group>"; };
		CBC4E04B2340ECB50002B34B /* Preview Assets.xcassets */ = {isa = PBXFileReference; lastKnownFileType = folder.assetcatalog; path = "Preview Assets.xcassets"; sourceTree = "<group>"; };
		CBC4E04E2340ECB50002B34B /* Base */ = {isa = PBXFileReference; lastKnownFileType = file.storyboard; name = Base; path = Base.lproj/LaunchScreen.storyboard; sourceTree = "<group>"; };
		CBC4E0502340ECB50002B34B /* Info.plist */ = {isa = PBXFileReference; lastKnownFileType = text.plist.xml; path = Info.plist; sourceTree = "<group>"; };
		CBC4E0552340ECB50002B34B /* theletterTests.xctest */ = {isa = PBXFileReference; explicitFileType = wrapper.cfbundle; includeInIndex = 0; path = theletterTests.xctest; sourceTree = BUILT_PRODUCTS_DIR; };
		CBC4E0592340ECB50002B34B /* theletterTests.swift */ = {isa = PBXFileReference; lastKnownFileType = sourcecode.swift; path = theletterTests.swift; sourceTree = "<group>"; };
		CBC4E05B2340ECB50002B34B /* Info.plist */ = {isa = PBXFileReference; lastKnownFileType = text.plist.xml; path = Info.plist; sourceTree = "<group>"; };
		CBC4E0602340ECB50002B34B /* theletterUITests.xctest */ = {isa = PBXFileReference; explicitFileType = wrapper.cfbundle; includeInIndex = 0; path = theletterUITests.xctest; sourceTree = BUILT_PRODUCTS_DIR; };
		CBC4E0642340ECB50002B34B /* theletterUITests.swift */ = {isa = PBXFileReference; lastKnownFileType = sourcecode.swift; path = theletterUITests.swift; sourceTree = "<group>"; };
		CBC4E0662340ECB50002B34B /* Info.plist */ = {isa = PBXFileReference; lastKnownFileType = text.plist.xml; path = Info.plist; sourceTree = "<group>"; };
/* End PBXFileReference section */

/* Begin PBXFrameworksBuildPhase section */
		CBC4E03C2340ECB20002B34B /* Frameworks */ = {
			isa = PBXFrameworksBuildPhase;
			buildActionMask = 2147483647;
			files = (
			);
			runOnlyForDeploymentPostprocessing = 0;
		};
		CBC4E0522340ECB50002B34B /* Frameworks */ = {
			isa = PBXFrameworksBuildPhase;
			buildActionMask = 2147483647;
			files = (
			);
			runOnlyForDeploymentPostprocessing = 0;
		};
		CBC4E05D2340ECB50002B34B /* Frameworks */ = {
			isa = PBXFrameworksBuildPhase;
			buildActionMask = 2147483647;
			files = (
			);
			runOnlyForDeploymentPostprocessing = 0;
		};
/* End PBXFrameworksBuildPhase section */

/* Begin PBXGroup section */
		CBC4E0362340ECB20002B34B = {
			isa = PBXGroup;
			children = (
				CBC4E0412340ECB20002B34B /* theletter */,
				CBC4E0582340ECB50002B34B /* theletterTests */,
				CBC4E0632340ECB50002B34B /* theletterUITests */,
				CBC4E0402340ECB20002B34B /* Products */,
			);
			sourceTree = "<group>";
		};
		CBC4E0402340ECB20002B34B /* Products */ = {
			isa = PBXGroup;
			children = (
				CBC4E03F2340ECB20002B34B /* theletter.app */,
				CBC4E0552340ECB50002B34B /* theletterTests.xctest */,
				CBC4E0602340ECB50002B34B /* theletterUITests.xctest */,
			);
			name = Products;
			sourceTree = "<group>";
		};
		CBC4E0412340ECB20002B34B /* theletter */ = {
			isa = PBXGroup;
			children = (
				CBC4E0422340ECB20002B34B /* AppDelegate.swift */,
				CBC4E0442340ECB20002B34B /* SceneDelegate.swift */,
				CBC4E0462340ECB20002B34B /* ContentView.swift */,
				CBC4E0482340ECB50002B34B /* Assets.xcassets */,
				CBC4E04D2340ECB50002B34B /* LaunchScreen.storyboard */,
				CBC4E0502340ECB50002B34B /* Info.plist */,
				CBC4E04A2340ECB50002B34B /* Preview Content */,
			);
			path = theletter;
			sourceTree = "<group>";
		};
		CBC4E04A2340ECB50002B34B /* Preview Content */ = {
			isa = PBXGroup;
			children = (
				CBC4E04B2340ECB50002B34B /* Preview Assets.xcassets */,
			);
			path = "Preview Content";
			sourceTree = "<group>";
		};
		CBC4E0582340ECB50002B34B /* theletterTests */ = {
			isa = PBXGroup;
			children = (
				CBC4E0592340ECB50002B34B /* theletterTests.swift */,
				CBC4E05B2340ECB50002B34B /* Info.plist */,
			);
			path = theletterTests;
			sourceTree = "<group>";
		};
		CBC4E0632340ECB50002B34B /* theletterUITests */ = {
			isa = PBXGroup;
			children = (
				CBC4E0642340ECB50002B34B /* theletterUITests.swift */,
				CBC4E0662340ECB50002B34B /* Info.plist */,
			);
			path = theletterUITests;
			sourceTree = "<group>";
		};
/* End PBXGroup section */

/* Begin PBXNativeTarget section */
		CBC4E03E2340ECB20002B34B /* theletter */ = {
			isa = PBXNativeTarget;
			buildConfigurationList = CBC4E0692340ECB50002B34B /* Build configuration list for PBXNativeTarget "theletter" */;
			buildPhases = (
				CBC4E03B2340ECB20002B34B /* Sources */,
				CBC4E03C2340ECB20002B34B /* Frameworks */,
				CBC4E03D2340ECB20002B34B /* Resources */,
			);
			buildRules = (
			);
			dependencies = (
			);
			name = theletter;
			productName = theletter;
			productReference = CBC4E03F2340ECB20002B34B /* theletter.app */;
			productType = "com.apple.product-type.application";
		};
		CBC4E0542340ECB50002B34B /* theletterTests */ = {
			isa = PBXNativeTarget;
			buildConfigurationList = CBC4E06C2340ECB50002B34B /* Build configuration list for PBXNativeTarget "theletterTests" */;
			buildPhases = (
				CBC4E0512340ECB50002B34B /* Sources */,
				CBC4E0522340ECB50002B34B /* Frameworks */,
				CBC4E0532340ECB50002B34B /* Resources */,
			);
			buildRules = (
			);
			dependencies = (
				CBC4E0572340ECB50002B34B /* PBXTargetDependency */,
			);
			name = theletterTests;
			productName = theletterTests;
			productReference = CBC4E0552340ECB50002B34B /* theletterTests.xctest */;
			productType = "com.apple.product-type.bundle.unit-test";
		};
		CBC4E05F2340ECB50002B34B /* theletterUITests */ = {
			isa = PBXNativeTarget;
			buildConfigurationList = CBC4E06F2340ECB50002B34B /* Build configuration list for PBXNativeTarget "theletterUITests" */;
			buildPhases = (
				CBC4E05C2340ECB50002B34B /* Sources */,
				CBC4E05D2340ECB50002B34B /* Frameworks */,
				CBC4E05E2340ECB50002B34B /* Resources */,
			);
			buildRules = (
			);
			dependencies = (
				CBC4E0622340ECB50002B34B /* PBXTargetDependency */,
			);
			name = theletterUITests;
			productName = theletterUITests;
			productReference = CBC4E0602340ECB50002B34B /* theletterUITests.xctest */;
			productType = "com.apple.product-type.bundle.ui-testing";
		};
/* End PBXNativeTarget section */

/* Begin PBXProject section */
		CBC4E0372340ECB20002B34B /* Project object */ = {
			isa = PBXProject;
			attributes = {
				LastSwiftUpdateCheck = 1100;
				LastUpgradeCheck = 1100;
				ORGANIZATIONNAME = "Jinwoo Jeong";
				TargetAttributes = {
					CBC4E03E2340ECB20002B34B = {
						CreatedOnToolsVersion = 11.0;
					};
					CBC4E0542340ECB50002B34B = {
						CreatedOnToolsVersion = 11.0;
						TestTargetID = CBC4E03E2340ECB20002B34B;
					};
					CBC4E05F2340ECB50002B34B = {
						CreatedOnToolsVersion = 11.0;
						TestTargetID = CBC4E03E2340ECB20002B34B;
					};
				};
			};
			buildConfigurationList = CBC4E03A2340ECB20002B34B /* Build configuration list for PBXProject "theletter" */;
			compatibilityVersion = "Xcode 9.3";
			developmentRegion = en;
			hasScannedForEncodings = 0;
			knownRegions = (
				en,
				Base,
			);
			mainGroup = CBC4E0362340ECB20002B34B;
			productRefGroup = CBC4E0402340ECB20002B34B /* Products */;
			projectDirPath = "";
			projectRoot = "";
			targets = (
				CBC4E03E2340ECB20002B34B /* theletter */,
				CBC4E0542340ECB50002B34B /* theletterTests */,
				CBC4E05F2340ECB50002B34B /* theletterUITests */,
			);
		};
/* End PBXProject section */

/* Begin PBXResourcesBuildPhase section */
		CBC4E03D2340ECB20002B34B /* Resources */ = {
			isa = PBXResourcesBuildPhase;
			buildActionMask = 2147483647;
			files = (
				CBC4E04F2340ECB50002B34B /* LaunchScreen.storyboard in Resources */,
				CBC4E04C2340ECB50002B34B /* Preview Assets.xcassets in Resources */,
				CBC4E0492340ECB50002B34B /* Assets.xcassets in Resources */,
			);
			runOnlyForDeploymentPostprocessing = 0;
		};
		CBC4E0532340ECB50002B34B /* Resources */ = {
			isa = PBXResourcesBuildPhase;
			buildActionMask = 2147483647;
			files = (
			);
			runOnlyForDeploymentPostprocessing = 0;
		};
		CBC4E05E2340ECB50002B34B /* Resources */ = {
			isa = PBXResourcesBuildPhase;
			buildActionMask = 2147483647;
			files = (
			);
			runOnlyForDeploymentPostprocessing = 0;
		};
/* End PBXResourcesBuildPhase section */

/* Begin PBXSourcesBuildPhase section */
		CBC4E03B2340ECB20002B34B /* Sources */ = {
			isa = PBXSourcesBuildPhase;
			buildActionMask = 2147483647;
			files = (
				CBC4E0432340ECB20002B34B /* AppDelegate.swift in Sources */,
				CBC4E0452340ECB20002B34B /* SceneDelegate.swift in Sources */,
				CBC4E0472340ECB20002B34B /* ContentView.swift in Sources */,
			);
			runOnlyForDeploymentPostprocessing = 0;
		};
		CBC4E0512340ECB50002B34B /* Sources */ = {
			isa = PBXSourcesBuildPhase;
			buildActionMask = 2147483647;
			files = (
				CBC4E05A2340ECB50002B34B /* theletterTests.swift in Sources */,
			);
			runOnlyForDeploymentPostprocessing = 0;
		};
		CBC4E05C2340ECB50002B34B /* Sources */ = {
			isa = PBXSourcesBuildPhase;
			buildActionMask = 2147483647;
			files = (
				CBC4E0652340ECB50002B34B /* theletterUITests.swift in Sources */,
			);
			runOnlyForDeploymentPostprocessing = 0;
		};
/* End PBXSourcesBuildPhase section */

/* Begin PBXTargetDependency section */
		CBC4E0572340ECB50002B34B /* PBXTargetDependency */ = {
			isa = PBXTargetDependency;
			target = CBC4E03E2340ECB20002B34B /* theletter */;
			targetProxy = CBC4E0562340ECB50002B34B /* PBXContainerItemProxy */;
		};
		CBC4E0622340ECB50002B34B /* PBXTargetDependency */ = {
			isa = PBXTargetDependency;
			target = CBC4E03E2340ECB20002B34B /* theletter */;
			targetProxy = CBC4E0612340ECB50002B34B /* PBXContainerItemProxy */;
		};
/* End PBXTargetDependency section */

/* Begin PBXVariantGroup section */
		CBC4E04D2340ECB50002B34B /* LaunchScreen.storyboard */ = {
			isa = PBXVariantGroup;
			children = (
				CBC4E04E2340ECB50002B34B /* Base */,
			);
			name = LaunchScreen.storyboard;
			sourceTree = "<group>";
		};
/* End PBXVariantGroup section */

/* Begin XCBuildConfiguration section */
		CBC4E0672340ECB50002B34B /* Debug */ = {
			isa = XCBuildConfiguration;
			buildSettings = {
				ALWAYS_SEARCH_USER_PATHS = NO;
				CLANG_ANALYZER_NONNULL = YES;
				CLANG_ANALYZER_NUMBER_OBJECT_CONVERSION = YES_AGGRESSIVE;
				CLANG_CXX_LANGUAGE_STANDARD = "gnu++14";
				CLANG_CXX_LIBRARY = "libc++";
				CLANG_ENABLE_MODULES = YES;
				CLANG_ENABLE_OBJC_ARC = YES;
				CLANG_ENABLE_OBJC_WEAK = YES;
				CLANG_WARN_BLOCK_CAPTURE_AUTORELEASING = YES;
				CLANG_WARN_BOOL_CONVERSION = YES;
				CLANG_WARN_COMMA = YES;
				CLANG_WARN_CONSTANT_CONVERSION = YES;
				CLANG_WARN_DEPRECATED_OBJC_IMPLEMENTATIONS = YES;
				CLANG_WARN_DIRECT_OBJC_ISA_USAGE = YES_ERROR;
				CLANG_WARN_DOCUMENTATION_COMMENTS = YES;
				CLANG_WARN_EMPTY_BODY = YES;
				CLANG_WARN_ENUM_CONVERSION = YES;
				CLANG_WARN_INFINITE_RECURSION = YES;
				CLANG_WARN_INT_CONVERSION = YES;
				CLANG_WARN_NON_LITERAL_NULL_CONVERSION = YES;
				CLANG_WARN_OBJC_IMPLICIT_RETAIN_SELF = YES;
				CLANG_WARN_OBJC_LITERAL_CONVERSION = YES;
				CLANG_WARN_OBJC_ROOT_CLASS = YES_ERROR;
				CLANG_WARN_RANGE_LOOP_ANALYSIS = YES;
				CLANG_WARN_STRICT_PROTOTYPES = YES;
				CLANG_WARN_SUSPICIOUS_MOVE = YES;
				CLANG_WARN_UNGUARDED_AVAILABILITY = YES_AGGRESSIVE;
				CLANG_WARN_UNREACHABLE_CODE = YES;
				CLANG_WARN__DUPLICATE_METHOD_MATCH = YES;
				COPY_PHASE_STRIP = NO;
				DEBUG_INFORMATION_FORMAT = dwarf;
				ENABLE_STRICT_OBJC_MSGSEND = YES;
				ENABLE_TESTABILITY = YES;
				GCC_C_LANGUAGE_STANDARD = gnu11;
				GCC_DYNAMIC_NO_PIC = NO;
				GCC_NO_COMMON_BLOCKS = YES;
				GCC_OPTIMIZATION_LEVEL = 0;
				GCC_PREPROCESSOR_DEFINITIONS = (
					"DEBUG=1",
					"$(inherited)",
				);
				GCC_WARN_64_TO_32_BIT_CONVERSION = YES;
				GCC_WARN_ABOUT_RETURN_TYPE = YES_ERROR;
				GCC_WARN_UNDECLARED_SELECTOR = YES;
				GCC_WARN_UNINITIALIZED_AUTOS = YES_AGGRESSIVE;
				GCC_WARN_UNUSED_FUNCTION = YES;
				GCC_WARN_UNUSED_VARIABLE = YES;
				IPHONEOS_DEPLOYMENT_TARGET = 13.0;
				MTL_ENABLE_DEBUG_INFO = INCLUDE_SOURCE;
				MTL_FAST_MATH = YES;
				ONLY_ACTIVE_ARCH = YES;
				SDKROOT = iphoneos;
				SWIFT_ACTIVE_COMPILATION_CONDITIONS = DEBUG;
				SWIFT_OPTIMIZATION_LEVEL = "-Onone";
			};
			name = Debug;
		};
		CBC4E0682340ECB50002B34B /* Release */ = {
			isa = XCBuildConfiguration;
			buildSettings = {
				ALWAYS_SEARCH_USER_PATHS = NO;
				CLANG_ANALYZER_NONNULL = YES;
				CLANG_ANALYZER_NUMBER_OBJECT_CONVERSION = YES_AGGRESSIVE;
				CLANG_CXX_LANGUAGE_STANDARD = "gnu++14";
				CLANG_CXX_LIBRARY = "libc++";
				CLANG_ENABLE_MODULES = YES;
				CLANG_ENABLE_OBJC_ARC = YES;
				CLANG_ENABLE_OBJC_WEAK = YES;
				CLANG_WARN_BLOCK_CAPTURE_AUTORELEASING = YES;
				CLANG_WARN_BOOL_CONVERSION = YES;
				CLANG_WARN_COMMA = YES;
				CLANG_WARN_CONSTANT_CONVERSION = YES;
				CLANG_WARN_DEPRECATED_OBJC_IMPLEMENTATIONS = YES;
				CLANG_WARN_DIRECT_OBJC_ISA_USAGE = YES_ERROR;
				CLANG_WARN_DOCUMENTATION_COMMENTS = YES;
				CLANG_WARN_EMPTY_BODY = YES;
				CLANG_WARN_ENUM_CONVERSION = YES;
				CLANG_WARN_INFINITE_RECURSION = YES;
				CLANG_WARN_INT_CONVERSION = YES;
				CLANG_WARN_NON_LITERAL_NULL_CONVERSION = YES;
				CLANG_WARN_OBJC_IMPLICIT_RETAIN_SELF = YES;
				CLANG_WARN_OBJC_LITERAL_CONVERSION = YES;
				CLANG_WARN_OBJC_ROOT_CLASS = YES_ERROR;
				CLANG_WARN_RANGE_LOOP_ANALYSIS = YES;
				CLANG_WARN_STRICT_PROTOTYPES = YES;
				CLANG_WARN_SUSPICIOUS_MOVE = YES;
				CLANG_WARN_UNGUARDED_AVAILABILITY = YES_AGGRESSIVE;
				CLANG_WARN_UNREACHABLE_CODE = YES;
				CLANG_WARN__DUPLICATE_METHOD_MATCH = YES;
				COPY_PHASE_STRIP = NO;
				DEBUG_INFORMATION_FORMAT = "dwarf-with-dsym";
				ENABLE_NS_ASSERTIONS = NO;
				ENABLE_STRICT_OBJC_MSGSEND = YES;
				GCC_C_LANGUAGE_STANDARD = gnu11;
				GCC_NO_COMMON_BLOCKS = YES;
				GCC_WARN_64_TO_32_BIT_CONVERSION = YES;
				GCC_WARN_ABOUT_RETURN_TYPE = YES_ERROR;
				GCC_WARN_UNDECLARED_SELECTOR = YES;
				GCC_WARN_UNINITIALIZED_AUTOS = YES_AGGRESSIVE;
				GCC_WARN_UNUSED_FUNCTION = YES;
				GCC_WARN_UNUSED_VARIABLE = YES;
				IPHONEOS_DEPLOYMENT_TARGET = 13.0;
				MTL_ENABLE_DEBUG_INFO = NO;
				MTL_FAST_MATH = YES;
				SDKROOT = iphoneos;
				SWIFT_COMPILATION_MODE = wholemodule;
				SWIFT_OPTIMIZATION_LEVEL = "-O";
				VALIDATE_PRODUCT = YES;
			};
			name = Release;
		};
		CBC4E06A2340ECB50002B34B /* Debug */ = {
			isa = XCBuildConfiguration;
			buildSettings = {
				ASSETCATALOG_COMPILER_APPICON_NAME = AppIcon;
				CODE_SIGN_STYLE = Automatic;
				DEVELOPMENT_ASSET_PATHS = "\"theletter/Preview Content\"";
				ENABLE_PREVIEWS = YES;
				INFOPLIST_FILE = theletter/Info.plist;
				LD_RUNPATH_SEARCH_PATHS = (
					"$(inherited)",
					"@executable_path/Frameworks",
				);
				PRODUCT_BUNDLE_IDENTIFIER = "jinwoo-jeong.theletter";
				PRODUCT_NAME = "$(TARGET_NAME)";
				SWIFT_VERSION = 5.0;
				TARGETED_DEVICE_FAMILY = "1,2";
			};
			name = Debug;
		};
		CBC4E06B2340ECB50002B34B /* Release */ = {
			isa = XCBuildConfiguration;
			buildSettings = {
				ASSETCATALOG_COMPILER_APPICON_NAME = AppIcon;
				CODE_SIGN_STYLE = Automatic;
				DEVELOPMENT_ASSET_PATHS = "\"theletter/Preview Content\"";
				ENABLE_PREVIEWS = YES;
				INFOPLIST_FILE = theletter/Info.plist;
				LD_RUNPATH_SEARCH_PATHS = (
					"$(inherited)",
					"@executable_path/Frameworks",
				);
				PRODUCT_BUNDLE_IDENTIFIER = "jinwoo-jeong.theletter";
				PRODUCT_NAME = "$(TARGET_NAME)";
				SWIFT_VERSION = 5.0;
				TARGETED_DEVICE_FAMILY = "1,2";
			};
			name = Release;
		};
		CBC4E06D2340ECB50002B34B /* Debug */ = {
			isa = XCBuildConfiguration;
			buildSettings = {
				ALWAYS_EMBED_SWIFT_STANDARD_LIBRARIES = YES;
				BUNDLE_LOADER = "$(TEST_HOST)";
				CODE_SIGN_STYLE = Automatic;
				INFOPLIST_FILE = theletterTests/Info.plist;
				IPHONEOS_DEPLOYMENT_TARGET = 13.0;
				LD_RUNPATH_SEARCH_PATHS = (
					"$(inherited)",
					"@executable_path/Frameworks",
					"@loader_path/Frameworks",
				);
				PRODUCT_BUNDLE_IDENTIFIER = "jinwoo-jeong.theletterTests";
				PRODUCT_NAME = "$(TARGET_NAME)";
				SWIFT_VERSION = 5.0;
				TARGETED_DEVICE_FAMILY = "1,2";
				TEST_HOST = "$(BUILT_PRODUCTS_DIR)/theletter.app/theletter";
			};
			name = Debug;
		};
		CBC4E06E2340ECB50002B34B /* Release */ = {
			isa = XCBuildConfiguration;
			buildSettings = {
				ALWAYS_EMBED_SWIFT_STANDARD_LIBRARIES = YES;
				BUNDLE_LOADER = "$(TEST_HOST)";
				CODE_SIGN_STYLE = Automatic;
				INFOPLIST_FILE = theletterTests/Info.plist;
				IPHONEOS_DEPLOYMENT_TARGET = 13.0;
				LD_RUNPATH_SEARCH_PATHS = (
					"$(inherited)",
					"@executable_path/Frameworks",
					"@loader_path/Frameworks",
				);
				PRODUCT_BUNDLE_IDENTIFIER = "jinwoo-jeong.theletterTests";
				PRODUCT_NAME = "$(TARGET_NAME)";
				SWIFT_VERSION = 5.0;
				TARGETED_DEVICE_FAMILY = "1,2";
				TEST_HOST = "$(BUILT_PRODUCTS_DIR)/theletter.app/theletter";
			};
			name = Release;
		};
		CBC4E0702340ECB50002B34B /* Debug */ = {
			isa = XCBuildConfiguration;
			buildSettings = {
				ALWAYS_EMBED_SWIFT_STANDARD_LIBRARIES = YES;
				CODE_SIGN_STYLE = Automatic;
				INFOPLIST_FILE = theletterUITests/Info.plist;
				LD_RUNPATH_SEARCH_PATHS = (
					"$(inherited)",
					"@executable_path/Frameworks",
					"@loader_path/Frameworks",
				);
				PRODUCT_BUNDLE_IDENTIFIER = "jinwoo-jeong.theletterUITests";
				PRODUCT_NAME = "$(TARGET_NAME)";
				SWIFT_VERSION = 5.0;
				TARGETED_DEVICE_FAMILY = "1,2";
				TEST_TARGET_NAME = theletter;
			};
			name = Debug;
		};
		CBC4E0712340ECB50002B34B /* Release */ = {
			isa = XCBuildConfiguration;
			buildSettings = {
				ALWAYS_EMBED_SWIFT_STANDARD_LIBRARIES = YES;
				CODE_SIGN_STYLE = Automatic;
				INFOPLIST_FILE = theletterUITests/Info.plist;
				LD_RUNPATH_SEARCH_PATHS = (
					"$(inherited)",
					"@executable_path/Frameworks",
					"@loader_path/Frameworks",
				);
				PRODUCT_BUNDLE_IDENTIFIER = "jinwoo-jeong.theletterUITests";
				PRODUCT_NAME = "$(TARGET_NAME)";
				SWIFT_VERSION = 5.0;
				TARGETED_DEVICE_FAMILY = "1,2";
				TEST_TARGET_NAME = theletter;
			};
			name = Release;
		};
/* End XCBuildConfiguration section */

/* Begin XCConfigurationList section */
		CBC4E03A2340ECB20002B34B /* Build configuration list for PBXProject "theletter" */ = {
			isa = XCConfigurationList;
			buildConfigurations = (
				CBC4E0672340ECB50002B34B /* Debug */,
				CBC4E0682340ECB50002B34B /* Release */,
			);
			defaultConfigurationIsVisible = 0;
			defaultConfigurationName = Release;
		};
		CBC4E0692340ECB50002B34B /* Build configuration list for PBXNativeTarget "theletter" */ = {
			isa = XCConfigurationList;
			buildConfigurations = (
				CBC4E06A2340ECB50002B34B /* Debug */,
				CBC4E06B2340ECB50002B34B /* Release */,
			);
			defaultConfigurationIsVisible = 0;
			defaultConfigurationName = Release;
		};
		CBC4E06C2340ECB50002B34B /* Build configuration list for PBXNativeTarget "theletterTests" */ = {
			isa = XCConfigurationList;
			buildConfigurations = (
				CBC4E06D2340ECB50002B34B /* Debug */,
				CBC4E06E2340ECB50002B34B /* Release */,
			);
			defaultConfigurationIsVisible = 0;
			defaultConfigurationName = Release;
		};
		CBC4E06F2340ECB50002B34B /* Build configuration list for PBXNativeTarget "theletterUITests" */ = {
			isa = XCConfigurationList;
			buildConfigurations = (
				CBC4E0702340ECB50002B34B /* Debug */,
				CBC4E0712340ECB50002B34B /* Release */,
			);
			defaultConfigurationIsVisible = 0;
			defaultConfigurationName = Release;
		};
/* End XCConfigurationList section */
	};
	rootObject = CBC4E0372340ECB20002B34B /* Project object */;
}
